// !$*UTF8*$!
{
	archiveVersion = 1;
	classes = {
	};
	objectVersion = 56;
	objects = {

/* Begin PBXBuildFile section */
		9C68641A29EA5AC6008F4BDD /* RecipeListCollectionViewCell.swift in Sources */ = {isa = PBXBuildFile; fileRef = 9C68641829EA5AC6008F4BDD /* RecipeListCollectionViewCell.swift */; };
		9C68641B29EA5AC6008F4BDD /* RecipeListCollectionViewCell.xib in Resources */ = {isa = PBXBuildFile; fileRef = 9C68641929EA5AC6008F4BDD /* RecipeListCollectionViewCell.xib */; };
		9C68641D29EA6B56008F4BDD /* ViewController.swift in Sources */ = {isa = PBXBuildFile; fileRef = 9C68641C29EA6B56008F4BDD /* ViewController.swift */; };
		C71BDA3F29E7797E00101503 /* AppDelegate.swift in Sources */ = {isa = PBXBuildFile; fileRef = C71BDA3E29E7797E00101503 /* AppDelegate.swift */; };
		C71BDA4129E7797E00101503 /* SceneDelegate.swift in Sources */ = {isa = PBXBuildFile; fileRef = C71BDA4029E7797E00101503 /* SceneDelegate.swift */; };
		C71BDA4329E7797E00101503 /* RecipeListViewController.swift in Sources */ = {isa = PBXBuildFile; fileRef = C71BDA4229E7797E00101503 /* RecipeListViewController.swift */; };
		C71BDA4629E7797E00101503 /* Main.storyboard in Resources */ = {isa = PBXBuildFile; fileRef = C71BDA4429E7797E00101503 /* Main.storyboard */; };
		C71BDA4829E7798000101503 /* Assets.xcassets in Resources */ = {isa = PBXBuildFile; fileRef = C71BDA4729E7798000101503 /* Assets.xcassets */; };
		C71BDA4B29E7798000101503 /* LaunchScreen.storyboard in Resources */ = {isa = PBXBuildFile; fileRef = C71BDA4929E7798000101503 /* LaunchScreen.storyboard */; };
		C71BDA5629E77C7A00101503 /* Recipe.swift in Sources */ = {isa = PBXBuildFile; fileRef = C71BDA5529E77C7A00101503 /* Recipe.swift */; };
		C71BDA5829E77D3A00101503 /* ContentViewController.swift in Sources */ = {isa = PBXBuildFile; fileRef = C71BDA5729E77D3A00101503 /* ContentViewController.swift */; };
		C71BDA5A29E77D4900101503 /* RecipeCreateViewController.swift in Sources */ = {isa = PBXBuildFile; fileRef = C71BDA5929E77D4900101503 /* RecipeCreateViewController.swift */; };
		C71BDA5C29E77D5100101503 /* AskGuruViewController.swift in Sources */ = {isa = PBXBuildFile; fileRef = C71BDA5B29E77D5100101503 /* AskGuruViewController.swift */; };
		C71BDA5E29E77ED400101503 /* RecipeListViewCell.swift in Sources */ = {isa = PBXBuildFile; fileRef = C71BDA5D29E77ED400101503 /* RecipeListViewCell.swift */; };
		C71BDA6029E77EEE00101503 /* GuruListViewCell.swift in Sources */ = {isa = PBXBuildFile; fileRef = C71BDA5F29E77EEE00101503 /* GuruListViewCell.swift */; };
/* End PBXBuildFile section */

/* Begin PBXFileReference section */
		9C68641829EA5AC6008F4BDD /* RecipeListCollectionViewCell.swift */ = {isa = PBXFileReference; lastKnownFileType = sourcecode.swift; path = RecipeListCollectionViewCell.swift; sourceTree = "<group>"; };
		9C68641929EA5AC6008F4BDD /* RecipeListCollectionViewCell.xib */ = {isa = PBXFileReference; lastKnownFileType = file.xib; path = RecipeListCollectionViewCell.xib; sourceTree = "<group>"; };
		9C68641C29EA6B56008F4BDD /* ViewController.swift */ = {isa = PBXFileReference; lastKnownFileType = sourcecode.swift; path = ViewController.swift; sourceTree = "<group>"; };
		C71BDA3B29E7797E00101503 /* Gourmet Guru.app */ = {isa = PBXFileReference; explicitFileType = wrapper.application; includeInIndex = 0; path = "Gourmet Guru.app"; sourceTree = BUILT_PRODUCTS_DIR; };
		C71BDA3E29E7797E00101503 /* AppDelegate.swift */ = {isa = PBXFileReference; lastKnownFileType = sourcecode.swift; path = AppDelegate.swift; sourceTree = "<group>"; };
		C71BDA4029E7797E00101503 /* SceneDelegate.swift */ = {isa = PBXFileReference; lastKnownFileType = sourcecode.swift; path = SceneDelegate.swift; sourceTree = "<group>"; };
		C71BDA4229E7797E00101503 /* RecipeListViewController.swift */ = {isa = PBXFileReference; lastKnownFileType = sourcecode.swift; path = RecipeListViewController.swift; sourceTree = "<group>"; };
		C71BDA4529E7797E00101503 /* Base */ = {isa = PBXFileReference; lastKnownFileType = file.storyboard; name = Base; path = Base.lproj/Main.storyboard; sourceTree = "<group>"; };
		C71BDA4729E7798000101503 /* Assets.xcassets */ = {isa = PBXFileReference; lastKnownFileType = folder.assetcatalog; path = Assets.xcassets; sourceTree = "<group>"; };
		C71BDA4A29E7798000101503 /* Base */ = {isa = PBXFileReference; lastKnownFileType = file.storyboard; name = Base; path = Base.lproj/LaunchScreen.storyboard; sourceTree = "<group>"; };
		C71BDA4C29E7798000101503 /* Info.plist */ = {isa = PBXFileReference; lastKnownFileType = text.plist.xml; path = Info.plist; sourceTree = "<group>"; };
		C71BDA5529E77C7A00101503 /* Recipe.swift */ = {isa = PBXFileReference; lastKnownFileType = sourcecode.swift; path = Recipe.swift; sourceTree = "<group>"; };
		C71BDA5729E77D3A00101503 /* ContentViewController.swift */ = {isa = PBXFileReference; lastKnownFileType = sourcecode.swift; path = ContentViewController.swift; sourceTree = "<group>"; };
		C71BDA5929E77D4900101503 /* RecipeCreateViewController.swift */ = {isa = PBXFileReference; lastKnownFileType = sourcecode.swift; path = RecipeCreateViewController.swift; sourceTree = "<group>"; };
		C71BDA5B29E77D5100101503 /* AskGuruViewController.swift */ = {isa = PBXFileReference; lastKnownFileType = sourcecode.swift; path = AskGuruViewController.swift; sourceTree = "<group>"; };
		C71BDA5D29E77ED400101503 /* RecipeListViewCell.swift */ = {isa = PBXFileReference; lastKnownFileType = sourcecode.swift; path = RecipeListViewCell.swift; sourceTree = "<group>"; };
		C71BDA5F29E77EEE00101503 /* GuruListViewCell.swift */ = {isa = PBXFileReference; lastKnownFileType = sourcecode.swift; path = GuruListViewCell.swift; sourceTree = "<group>"; };
/* End PBXFileReference section */

/* Begin PBXFrameworksBuildPhase section */
		C71BDA3829E7797E00101503 /* Frameworks */ = {
			isa = PBXFrameworksBuildPhase;
			buildActionMask = 2147483647;
			files = (
			);
			runOnlyForDeploymentPostprocessing = 0;
		};
/* End PBXFrameworksBuildPhase section */

/* Begin PBXGroup section */
		C71BDA3229E7797E00101503 = {
			isa = PBXGroup;
			children = (
				C71BDA3D29E7797E00101503 /* Gourmet Guru */,
				C71BDA3C29E7797E00101503 /* Products */,
			);
			sourceTree = "<group>";
		};
		C71BDA3C29E7797E00101503 /* Products */ = {
			isa = PBXGroup;
			children = (
				C71BDA3B29E7797E00101503 /* Gourmet Guru.app */,
			);
			name = Products;
			sourceTree = "<group>";
		};
		C71BDA3D29E7797E00101503 /* Gourmet Guru */ = {
			isa = PBXGroup;
			children = (
				C71BDA3E29E7797E00101503 /* AppDelegate.swift */,
				C71BDA4029E7797E00101503 /* SceneDelegate.swift */,
				C71BDA5429E77A5B00101503 /* Controllers */,
				C71BDA5329E77A3E00101503 /* Views */,
				C71BDA5229E779A500101503 /* Models */,
				C71BDA4429E7797E00101503 /* Main.storyboard */,
				C71BDA4729E7798000101503 /* Assets.xcassets */,
				C71BDA4C29E7798000101503 /* Info.plist */,
			);
			path = "Gourmet Guru";
			sourceTree = "<group>";
		};
		C71BDA5229E779A500101503 /* Models */ = {
			isa = PBXGroup;
			children = (
				C71BDA5529E77C7A00101503 /* Recipe.swift */,
			);
			path = Models;
			sourceTree = "<group>";
		};
		C71BDA5329E77A3E00101503 /* Views */ = {
			isa = PBXGroup;
			children = (
				9C68641C29EA6B56008F4BDD /* ViewController.swift */,
				C71BDA4929E7798000101503 /* LaunchScreen.storyboard */,
				C71BDA5F29E77EEE00101503 /* GuruListViewCell.swift */,
				C71BDA5D29E77ED400101503 /* RecipeListViewCell.swift */,
				9C68641929EA5AC6008F4BDD /* RecipeListCollectionViewCell.xib */,
				9C68641829EA5AC6008F4BDD /* RecipeListCollectionViewCell.swift */,
			);
			path = Views;
			sourceTree = "<group>";
		};
		C71BDA5429E77A5B00101503 /* Controllers */ = {
			isa = PBXGroup;
			children = (
				C71BDA4229E7797E00101503 /* RecipeListViewController.swift */,
				C71BDA5729E77D3A00101503 /* ContentViewController.swift */,
				C71BDA5929E77D4900101503 /* RecipeCreateViewController.swift */,
				C71BDA5B29E77D5100101503 /* AskGuruViewController.swift */,
			);
			path = Controllers;
			sourceTree = "<group>";
		};
/* End PBXGroup section */

/* Begin PBXNativeTarget section */
		C71BDA3A29E7797E00101503 /* Gourmet Guru */ = {
			isa = PBXNativeTarget;
			buildConfigurationList = C71BDA4F29E7798000101503 /* Build configuration list for PBXNativeTarget "Gourmet Guru" */;
			buildPhases = (
				C71BDA3729E7797E00101503 /* Sources */,
				C71BDA3829E7797E00101503 /* Frameworks */,
				C71BDA3929E7797E00101503 /* Resources */,
			);
			buildRules = (
			);
			dependencies = (
			);
			name = "Gourmet Guru";
			productName = "Gourmet Guru";
			productReference = C71BDA3B29E7797E00101503 /* Gourmet Guru.app */;
			productType = "com.apple.product-type.application";
		};
/* End PBXNativeTarget section */

/* Begin PBXProject section */
		C71BDA3329E7797E00101503 /* Project object */ = {
			isa = PBXProject;
			attributes = {
				BuildIndependentTargetsInParallel = 1;
				LastSwiftUpdateCheck = 1420;
				LastUpgradeCheck = 1420;
				TargetAttributes = {
					C71BDA3A29E7797E00101503 = {
						CreatedOnToolsVersion = 14.2;
					};
				};
			};
			buildConfigurationList = C71BDA3629E7797E00101503 /* Build configuration list for PBXProject "Gourmet Guru" */;
			compatibilityVersion = "Xcode 14.0";
			developmentRegion = en;
			hasScannedForEncodings = 0;
			knownRegions = (
				en,
				Base,
			);
			mainGroup = C71BDA3229E7797E00101503;
			productRefGroup = C71BDA3C29E7797E00101503 /* Products */;
			projectDirPath = "";
			projectRoot = "";
			targets = (
				C71BDA3A29E7797E00101503 /* Gourmet Guru */,
			);
		};
/* End PBXProject section */

/* Begin PBXResourcesBuildPhase section */
		C71BDA3929E7797E00101503 /* Resources */ = {
			isa = PBXResourcesBuildPhase;
			buildActionMask = 2147483647;
			files = (
				9C68641B29EA5AC6008F4BDD /* RecipeListCollectionViewCell.xib in Resources */,
				C71BDA4B29E7798000101503 /* LaunchScreen.storyboard in Resources */,
				C71BDA4829E7798000101503 /* Assets.xcassets in Resources */,
				C71BDA4629E7797E00101503 /* Main.storyboard in Resources */,
			);
			runOnlyForDeploymentPostprocessing = 0;
		};
/* End PBXResourcesBuildPhase section */

/* Begin PBXSourcesBuildPhase section */
		C71BDA3729E7797E00101503 /* Sources */ = {
			isa = PBXSourcesBuildPhase;
			buildActionMask = 2147483647;
			files = (
				C71BDA5829E77D3A00101503 /* ContentViewController.swift in Sources */,
				C71BDA4329E7797E00101503 /* RecipeListViewController.swift in Sources */,
				C71BDA5E29E77ED400101503 /* RecipeListViewCell.swift in Sources */,
				C71BDA5C29E77D5100101503 /* AskGuruViewController.swift in Sources */,
				9C68641D29EA6B56008F4BDD /* ViewController.swift in Sources */,
				9C68641A29EA5AC6008F4BDD /* RecipeListCollectionViewCell.swift in Sources */,
				C71BDA5A29E77D4900101503 /* RecipeCreateViewController.swift in Sources */,
				C71BDA3F29E7797E00101503 /* AppDelegate.swift in Sources */,
				C71BDA4129E7797E00101503 /* SceneDelegate.swift in Sources */,
				C71BDA5629E77C7A00101503 /* Recipe.swift in Sources */,
				C71BDA6029E77EEE00101503 /* GuruListViewCell.swift in Sources */,
			);
			runOnlyForDeploymentPostprocessing = 0;
		};
/* End PBXSourcesBuildPhase section */

/* Begin PBXVariantGroup section */
		C71BDA4429E7797E00101503 /* Main.storyboard */ = {
			isa = PBXVariantGroup;
			children = (
				C71BDA4529E7797E00101503 /* Base */,
			);
			name = Main.storyboard;
			sourceTree = "<group>";
		};
		C71BDA4929E7798000101503 /* LaunchScreen.storyboard */ = {
			isa = PBXVariantGroup;
			children = (
				C71BDA4A29E7798000101503 /* Base */,
			);
			name = LaunchScreen.storyboard;
			sourceTree = "<group>";
		};
/* End PBXVariantGroup section */

/* Begin XCBuildConfiguration section */
		C71BDA4D29E7798000101503 /* Debug */ = {
			isa = XCBuildConfiguration;
			buildSettings = {
				ALWAYS_SEARCH_USER_PATHS = NO;
				CLANG_ANALYZER_NONNULL = YES;
				CLANG_ANALYZER_NUMBER_OBJECT_CONVERSION = YES_AGGRESSIVE;
				CLANG_CXX_LANGUAGE_STANDARD = "gnu++20";
				CLANG_ENABLE_MODULES = YES;
				CLANG_ENABLE_OBJC_ARC = YES;
				CLANG_ENABLE_OBJC_WEAK = YES;
				CLANG_WARN_BLOCK_CAPTURE_AUTORELEASING = YES;
				CLANG_WARN_BOOL_CONVERSION = YES;
				CLANG_WARN_COMMA = YES;
				CLANG_WARN_CONSTANT_CONVERSION = YES;
				CLANG_WARN_DEPRECATED_OBJC_IMPLEMENTATIONS = YES;
				CLANG_WARN_DIRECT_OBJC_ISA_USAGE = YES_ERROR;
				CLANG_WARN_DOCUMENTATION_COMMENTS = YES;
				CLANG_WARN_EMPTY_BODY = YES;
				CLANG_WARN_ENUM_CONVERSION = YES;
				CLANG_WARN_INFINITE_RECURSION = YES;
				CLANG_WARN_INT_CONVERSION = YES;
				CLANG_WARN_NON_LITERAL_NULL_CONVERSION = YES;
				CLANG_WARN_OBJC_IMPLICIT_RETAIN_SELF = YES;
				CLANG_WARN_OBJC_LITERAL_CONVERSION = YES;
				CLANG_WARN_OBJC_ROOT_CLASS = YES_ERROR;
				CLANG_WARN_QUOTED_INCLUDE_IN_FRAMEWORK_HEADER = YES;
				CLANG_WARN_RANGE_LOOP_ANALYSIS = YES;
				CLANG_WARN_STRICT_PROTOTYPES = YES;
				CLANG_WARN_SUSPICIOUS_MOVE = YES;
				CLANG_WARN_UNGUARDED_AVAILABILITY = YES_AGGRESSIVE;
				CLANG_WARN_UNREACHABLE_CODE = YES;
				CLANG_WARN__DUPLICATE_METHOD_MATCH = YES;
				COPY_PHASE_STRIP = NO;
				DEBUG_INFORMATION_FORMAT = dwarf;
				ENABLE_STRICT_OBJC_MSGSEND = YES;
				ENABLE_TESTABILITY = YES;
				GCC_C_LANGUAGE_STANDARD = gnu11;
				GCC_DYNAMIC_NO_PIC = NO;
				GCC_NO_COMMON_BLOCKS = YES;
				GCC_OPTIMIZATION_LEVEL = 0;
				GCC_PREPROCESSOR_DEFINITIONS = (
					"DEBUG=1",
					"$(inherited)",
				);
				GCC_WARN_64_TO_32_BIT_CONVERSION = YES;
				GCC_WARN_ABOUT_RETURN_TYPE = YES_ERROR;
				GCC_WARN_UNDECLARED_SELECTOR = YES;
				GCC_WARN_UNINITIALIZED_AUTOS = YES_AGGRESSIVE;
				GCC_WARN_UNUSED_FUNCTION = YES;
				GCC_WARN_UNUSED_VARIABLE = YES;
				IPHONEOS_DEPLOYMENT_TARGET = 16.2;
				MTL_ENABLE_DEBUG_INFO = INCLUDE_SOURCE;
				MTL_FAST_MATH = YES;
				ONLY_ACTIVE_ARCH = YES;
				SDKROOT = iphoneos;
				SWIFT_ACTIVE_COMPILATION_CONDITIONS = DEBUG;
				SWIFT_OPTIMIZATION_LEVEL = "-Onone";
			};
			name = Debug;
		};
		C71BDA4E29E7798000101503 /* Release */ = {
			isa = XCBuildConfiguration;
			buildSettings = {
				ALWAYS_SEARCH_USER_PATHS = NO;
				CLANG_ANALYZER_NONNULL = YES;
				CLANG_ANALYZER_NUMBER_OBJECT_CONVERSION = YES_AGGRESSIVE;
				CLANG_CXX_LANGUAGE_STANDARD = "gnu++20";
				CLANG_ENABLE_MODULES = YES;
				CLANG_ENABLE_OBJC_ARC = YES;
				CLANG_ENABLE_OBJC_WEAK = YES;
				CLANG_WARN_BLOCK_CAPTURE_AUTORELEASING = YES;
				CLANG_WARN_BOOL_CONVERSION = YES;
				CLANG_WARN_COMMA = YES;
				CLANG_WARN_CONSTANT_CONVERSION = YES;
				CLANG_WARN_DEPRECATED_OBJC_IMPLEMENTATIONS = YES;
				CLANG_WARN_DIRECT_OBJC_ISA_USAGE = YES_ERROR;
				CLANG_WARN_DOCUMENTATION_COMMENTS = YES;
				CLANG_WARN_EMPTY_BODY = YES;
				CLANG_WARN_ENUM_CONVERSION = YES;
				CLANG_WARN_INFINITE_RECURSION = YES;
				CLANG_WARN_INT_CONVERSION = YES;
				CLANG_WARN_NON_LITERAL_NULL_CONVERSION = YES;
				CLANG_WARN_OBJC_IMPLICIT_RETAIN_SELF = YES;
				CLANG_WARN_OBJC_LITERAL_CONVERSION = YES;
				CLANG_WARN_OBJC_ROOT_CLASS = YES_ERROR;
				CLANG_WARN_QUOTED_INCLUDE_IN_FRAMEWORK_HEADER = YES;
				CLANG_WARN_RANGE_LOOP_ANALYSIS = YES;
				CLANG_WARN_STRICT_PROTOTYPES = YES;
				CLANG_WARN_SUSPICIOUS_MOVE = YES;
				CLANG_WARN_UNGUARDED_AVAILABILITY = YES_AGGRESSIVE;
				CLANG_WARN_UNREACHABLE_CODE = YES;
				CLANG_WARN__DUPLICATE_METHOD_MATCH = YES;
				COPY_PHASE_STRIP = NO;
				DEBUG_INFORMATION_FORMAT = "dwarf-with-dsym";
				ENABLE_NS_ASSERTIONS = NO;
				ENABLE_STRICT_OBJC_MSGSEND = YES;
				GCC_C_LANGUAGE_STANDARD = gnu11;
				GCC_NO_COMMON_BLOCKS = YES;
				GCC_WARN_64_TO_32_BIT_CONVERSION = YES;
				GCC_WARN_ABOUT_RETURN_TYPE = YES_ERROR;
				GCC_WARN_UNDECLARED_SELECTOR = YES;
				GCC_WARN_UNINITIALIZED_AUTOS = YES_AGGRESSIVE;
				GCC_WARN_UNUSED_FUNCTION = YES;
				GCC_WARN_UNUSED_VARIABLE = YES;
				IPHONEOS_DEPLOYMENT_TARGET = 16.2;
				MTL_ENABLE_DEBUG_INFO = NO;
				MTL_FAST_MATH = YES;
				SDKROOT = iphoneos;
				SWIFT_COMPILATION_MODE = wholemodule;
				SWIFT_OPTIMIZATION_LEVEL = "-O";
				VALIDATE_PRODUCT = YES;
			};
			name = Release;
		};
		C71BDA5029E7798000101503 /* Debug */ = {
			isa = XCBuildConfiguration;
			buildSettings = {
				ASSETCATALOG_COMPILER_APPICON_NAME = AppIcon;
				ASSETCATALOG_COMPILER_GLOBAL_ACCENT_COLOR_NAME = AccentColor;
				CODE_SIGN_STYLE = Automatic;
				CURRENT_PROJECT_VERSION = 1;
				DEVELOPMENT_TEAM = VS5Z24T5FT;
				GENERATE_INFOPLIST_FILE = YES;
				INFOPLIST_FILE = "Gourmet Guru/Info.plist";
				INFOPLIST_KEY_UIApplicationSupportsIndirectInputEvents = YES;
				INFOPLIST_KEY_UILaunchStoryboardName = LaunchScreen;
				INFOPLIST_KEY_UIMainStoryboardFile = Main;
				INFOPLIST_KEY_UISupportedInterfaceOrientations_iPad = "UIInterfaceOrientationPortrait UIInterfaceOrientationPortraitUpsideDown UIInterfaceOrientationLandscapeLeft UIInterfaceOrientationLandscapeRight";
				INFOPLIST_KEY_UISupportedInterfaceOrientations_iPhone = "UIInterfaceOrientationPortrait UIInterfaceOrientationLandscapeLeft UIInterfaceOrientationLandscapeRight";
				LD_RUNPATH_SEARCH_PATHS = (
					"$(inherited)",
					"@executable_path/Frameworks",
				);
				MARKETING_VERSION = 1.0;
				PRODUCT_BUNDLE_IDENTIFIER = "codepath.Gourmet-Guru";
				PRODUCT_NAME = "$(TARGET_NAME)";
				SWIFT_EMIT_LOC_STRINGS = YES;
				SWIFT_VERSION = 5.0;
				TARGETED_DEVICE_FAMILY = "1,2";
			};
			name = Debug;
		};
		C71BDA5129E7798000101503 /* Release */ = {
			isa = XCBuildConfiguration;
			buildSettings = {
				ASSETCATALOG_COMPILER_APPICON_NAME = AppIcon;
				ASSETCATALOG_COMPILER_GLOBAL_ACCENT_COLOR_NAME = AccentColor;
				CODE_SIGN_STYLE = Automatic;
				CURRENT_PROJECT_VERSION = 1;
				DEVELOPMENT_TEAM = VS5Z24T5FT;
				GENERATE_INFOPLIST_FILE = YES;
				INFOPLIST_FILE = "Gourmet Guru/Info.plist";
				INFOPLIST_KEY_UIApplicationSupportsIndirectInputEvents = YES;
				INFOPLIST_KEY_UILaunchStoryboardName = LaunchScreen;
				INFOPLIST_KEY_UIMainStoryboardFile = Main;
				INFOPLIST_KEY_UISupportedInterfaceOrientations_iPad = "UIInterfaceOrientationPortrait UIInterfaceOrientationPortraitUpsideDown UIInterfaceOrientationLandscapeLeft UIInterfaceOrientationLandscapeRight";
				INFOPLIST_KEY_UISupportedInterfaceOrientations_iPhone = "UIInterfaceOrientationPortrait UIInterfaceOrientationLandscapeLeft UIInterfaceOrientationLandscapeRight";
				LD_RUNPATH_SEARCH_PATHS = (
					"$(inherited)",
					"@executable_path/Frameworks",
				);
				MARKETING_VERSION = 1.0;
				PRODUCT_BUNDLE_IDENTIFIER = "codepath.Gourmet-Guru";
				PRODUCT_NAME = "$(TARGET_NAME)";
				SWIFT_EMIT_LOC_STRINGS = YES;
				SWIFT_VERSION = 5.0;
				TARGETED_DEVICE_FAMILY = "1,2";
			};
			name = Release;
		};
/* End XCBuildConfiguration section */

/* Begin XCConfigurationList section */
		C71BDA3629E7797E00101503 /* Build configuration list for PBXProject "Gourmet Guru" */ = {
			isa = XCConfigurationList;
			buildConfigurations = (
				C71BDA4D29E7798000101503 /* Debug */,
				C71BDA4E29E7798000101503 /* Release */,
			);
			defaultConfigurationIsVisible = 0;
			defaultConfigurationName = Release;
		};
		C71BDA4F29E7798000101503 /* Build configuration list for PBXNativeTarget "Gourmet Guru" */ = {
			isa = XCConfigurationList;
			buildConfigurations = (
				C71BDA5029E7798000101503 /* Debug */,
				C71BDA5129E7798000101503 /* Release */,
			);
			defaultConfigurationIsVisible = 0;
			defaultConfigurationName = Release;
		};
/* End XCConfigurationList section */
	};
	rootObject = C71BDA3329E7797E00101503 /* Project object */;
}
